# This file is automatically @generated by Cargo.
# It is not intended for manual editing.
version = 3

[[package]]
name = "fsm2"
version = "0.1.0"
dependencies = [
 "macro_machine",
]

[[package]]
name = "macro_machine"
version = "0.2.0"
source = "registry+https://github.com/rust-lang/crates.io-index"
checksum = "7418b3f4f511c23ce170048f343c801a37005a365db92bbad85264630f12d61e"
